
Microsoft Visual Studio Solution File, Format Version 12.00
# Visual Studio Version 17
VisualStudioVersion = 17.14.36221.1 d17.14
MinimumVisualStudioVersion = 10.0.40219.1
Project("{FAE04EC0-301F-11D3-BF4B-00C04F79EFBC}") = "HOTELINTERFAZ", "HOTELINTERFAZ\HOTELINTERFAZ.csproj", "{670D211B-D690-44EC-B691-D34BCFC439CE}"
EndProject
Global
	GlobalSection(SolutionConfigurationPlatforms) = preSolution
		Debug|Any CPU = Debug|Any CPU
		Release|Any CPU = Release|Any CPU
	EndGlobalSection
	GlobalSection(ProjectConfigurationPlatforms) = postSolution
		{670D211B-D690-44EC-B691-D34BCFC439CE}.Debug|Any CPU.ActiveCfg = Debug|Any CPU
		{670D211B-D690-44EC-B691-D34BCFC439CE}.Debug|Any CPU.Build.0 = Debug|Any CPU
		{670D211B-D690-44EC-B691-D34BCFC439CE}.Release|Any CPU.ActiveCfg = Release|Any CPU
		{670D211B-D690-44EC-B691-D34BCFC439CE}.Release|Any CPU.Build.0 = Release|Any CPU
	EndGlobalSection
	GlobalSection(SolutionProperties) = preSolution
		HideSolutionNode = FALSE
	EndGlobalSection
	GlobalSection(ExtensibilityGlobals) = postSolution
		SolutionGuid = {1B8255C5-47C8-4825-9F65-E012D43CD463}
	EndGlobalSection
EndGlobal
