
Microsoft Visual Studio Solution File, Format Version 12.00
# Visual Studio Version 17
VisualStudioVersion = 17.14.36221.1 d17.14
MinimumVisualStudioVersion = 10.0.40219.1
Project("{FAE04EC0-301F-11D3-BF4B-00C04F79EFBC}") = "InterfazInterna", "InterfazInterna.csproj", "{79E09AEB-4483-4DBC-8ADD-F9B7FCA5E53C}"
EndProject
Global
	GlobalSection(SolutionConfigurationPlatforms) = preSolution
		Debug|Any CPU = Debug|Any CPU
		Release|Any CPU = Release|Any CPU
	EndGlobalSection
	GlobalSection(ProjectConfigurationPlatforms) = postSolution
		{79E09AEB-4483-4DBC-8ADD-F9B7FCA5E53C}.Debug|Any CPU.ActiveCfg = Debug|Any CPU
		{79E09AEB-4483-4DBC-8ADD-F9B7FCA5E53C}.Debug|Any CPU.Build.0 = Debug|Any CPU
		{79E09AEB-4483-4DBC-8ADD-F9B7FCA5E53C}.Release|Any CPU.ActiveCfg = Release|Any CPU
		{79E09AEB-4483-4DBC-8ADD-F9B7FCA5E53C}.Release|Any CPU.Build.0 = Release|Any CPU
	EndGlobalSection
	GlobalSection(SolutionProperties) = preSolution
		HideSolutionNode = FALSE
	EndGlobalSection
	GlobalSection(ExtensibilityGlobals) = postSolution
		SolutionGuid = {F7817886-20E1-4F40-9967-5F5EB5E2950D}
	EndGlobalSection
EndGlobal
